
Microsoft Visual Studio Solution File, Format Version 12.00
# Visual Studio Version 17
VisualStudioVersion = 17.8.34330.188
MinimumVisualStudioVersion = 10.0.40219.1
Project("{FAE04EC0-301F-11D3-BF4B-00C04F79EFBC}") = "Calculator2", "Calculator2.csproj", "{853166E9-ACD9-4025-ADE3-A710CA103A66}"
EndProject
Global
	GlobalSection(SolutionConfigurationPlatforms) = preSolution
		Debug|Any CPU = Debug|Any CPU
		Release|Any CPU = Release|Any CPU
	EndGlobalSection
	GlobalSection(ProjectConfigurationPlatforms) = postSolution
		{853166E9-ACD9-4025-ADE3-A710CA103A66}.Debug|Any CPU.ActiveCfg = Debug|Any CPU
		{853166E9-ACD9-4025-ADE3-A710CA103A66}.Debug|Any CPU.Build.0 = Debug|Any CPU
		{853166E9-ACD9-4025-ADE3-A710CA103A66}.Release|Any CPU.ActiveCfg = Release|Any CPU
		{853166E9-ACD9-4025-ADE3-A710CA103A66}.Release|Any CPU.Build.0 = Release|Any CPU
	EndGlobalSection
	GlobalSection(SolutionProperties) = preSolution
		HideSolutionNode = FALSE
	EndGlobalSection
	GlobalSection(ExtensibilityGlobals) = postSolution
		SolutionGuid = {20AA9D68-0F0B-469A-A069-B0A81D095924}
	EndGlobalSection
EndGlobal
